
Microsoft Visual Studio Solution File, Format Version 12.00
# Visual Studio Version 17
VisualStudioVersion = 17.5.33516.290
MinimumVisualStudioVersion = 10.0.40219.1
Project("{FAE04EC0-301F-11D3-BF4B-00C04F79EFBC}") = "Lab1", "Lab1.csproj", "{3071BA3D-A079-43AF-A340-3382F1F58503}"
EndProject
Global
	GlobalSection(SolutionConfigurationPlatforms) = preSolution
		Debug|Any CPU = Debug|Any CPU
		Release|Any CPU = Release|Any CPU
	EndGlobalSection
	GlobalSection(ProjectConfigurationPlatforms) = postSolution
		{3071BA3D-A079-43AF-A340-3382F1F58503}.Debug|Any CPU.ActiveCfg = Debug|Any CPU
		{3071BA3D-A079-43AF-A340-3382F1F58503}.Debug|Any CPU.Build.0 = Debug|Any CPU
		{3071BA3D-A079-43AF-A340-3382F1F58503}.Release|Any CPU.ActiveCfg = Release|Any CPU
		{3071BA3D-A079-43AF-A340-3382F1F58503}.Release|Any CPU.Build.0 = Release|Any CPU
	EndGlobalSection
	GlobalSection(SolutionProperties) = preSolution
		HideSolutionNode = FALSE
	EndGlobalSection
	GlobalSection(ExtensibilityGlobals) = postSolution
		SolutionGuid = {44172556-AFEF-442B-A959-2BE691FA5FC2}
	EndGlobalSection
EndGlobal
